
Microsoft Visual Studio Solution File, Format Version 12.00
# Visual Studio 15
VisualStudioVersion = 15.0.28307.779
MinimumVisualStudioVersion = 10.0.40219.1
Project("{FAE04EC0-301F-11D3-BF4B-00C04F79EFBC}") = "RestAfgiftServer2", "RestAfgiftServer2\RestAfgiftServer2.csproj", "{F1D7CE58-3662-4811-8AE6-C136DDDCB9DD}"
EndProject
Project("{FAE04EC0-301F-11D3-BF4B-00C04F79EFBC}") = "RestAfgiftClient2", "RestAfgiftClient2\RestAfgiftClient2.csproj", "{21CD95D0-5C38-44F2-A1D6-C443458CF197}"
EndProject
Global
	GlobalSection(SolutionConfigurationPlatforms) = preSolution
		Debug|Any CPU = Debug|Any CPU
		Release|Any CPU = Release|Any CPU
	EndGlobalSection
	GlobalSection(ProjectConfigurationPlatforms) = postSolution
		{F1D7CE58-3662-4811-8AE6-C136DDDCB9DD}.Debug|Any CPU.ActiveCfg = Debug|Any CPU
		{F1D7CE58-3662-4811-8AE6-C136DDDCB9DD}.Debug|Any CPU.Build.0 = Debug|Any CPU
		{F1D7CE58-3662-4811-8AE6-C136DDDCB9DD}.Release|Any CPU.ActiveCfg = Release|Any CPU
		{F1D7CE58-3662-4811-8AE6-C136DDDCB9DD}.Release|Any CPU.Build.0 = Release|Any CPU
		{21CD95D0-5C38-44F2-A1D6-C443458CF197}.Debug|Any CPU.ActiveCfg = Debug|Any CPU
		{21CD95D0-5C38-44F2-A1D6-C443458CF197}.Debug|Any CPU.Build.0 = Debug|Any CPU
		{21CD95D0-5C38-44F2-A1D6-C443458CF197}.Release|Any CPU.ActiveCfg = Release|Any CPU
		{21CD95D0-5C38-44F2-A1D6-C443458CF197}.Release|Any CPU.Build.0 = Release|Any CPU
	EndGlobalSection
	GlobalSection(SolutionProperties) = preSolution
		HideSolutionNode = FALSE
	EndGlobalSection
	GlobalSection(ExtensibilityGlobals) = postSolution
		SolutionGuid = {8637DB30-3887-423E-836B-D9BB8AA06148}
	EndGlobalSection
EndGlobal
